<?xml version="1.0" encoding="utf-8"?>
<Project ToolsVersion="4.0" xmlns="http://schemas.microsoft.com/developer/msbuild/2003">
  <ItemGroup>
    <Filter Include="Source Files">
      <UniqueIdentifier>{4FC737F1-C7A5-4376-A066-2A32D752A2FF}</UniqueIdentifier>
      <Extensions>cpp;c;cc;cxx;def;odl;idl;hpj;bat;asm;asmx</Extensions>
    </Filter>
    <Filter Include="Header Files">
      <UniqueIdentifier>{93995380-89BD-4b04-88EB-625FBE52EBFB}</UniqueIdentifier>
      <Extensions>h;hpp;hxx;hm;inl;inc;xsd</Extensions>
    </Filter>
    <Filter Include="Resource Files">
      <UniqueIdentifier>{67DA6AB6-F800-4c08-8B7A-83BB121AAD01}</UniqueIdentifier>
      <Extensions>rc;ico;cur;bmp;dlg;rc2;rct;bin;rgs;gif;jpg;jpeg;jpe;resx;tiff;tif;png;wav;mfcribbon-ms</Extensions>
    </Filter>
  </ItemGroup>
  <ItemGroup>
    <ClCompile Include="main.cpp">
      <Filter>Source Files</Filter>
    </ClCompile>
    <ClCompile Include="basicSprite.cpp">
      <Filter>Source Files</Filter>
    </ClCompile>
    <ClCompile Include="system.cpp">
      <Filter>Source Files</Filter>
    </ClCompile>
    <ClCompile Include="physicsSprite.cpp">
      <Filter>Source Files</Filter>
    </ClCompile>
    <ClCompile Include="fish.cpp">
      <Filter>Source Files</Filter>
    </ClCompile>
    <ClCompile Include="timer.cpp">
      <Filter>Source Files</Filter>
    </ClCompile>
    <ClCompile Include="schoolFish.cpp">
      <Filter>Source Files</Filter>
    </ClCompile>
    <ClCompile Include="school.cpp">
      <Filter>Source Files</Filter>
    </ClCompile>
    <ClCompile Include="net.cpp">
      <Filter>Source Files</Filter>
    </ClCompile>
    <ClCompile Include="coral.cpp">
      <Filter>Source Files</Filter>
    </ClCompile>
    <ClCompile Include="camera.cpp">
      <Filter>Source Files</Filter>
    </ClCompile>
    <ClCompile Include="level.cpp">
      <Filter>Source Files</Filter>
    </ClCompile>
    <ClCompile Include="sceneryFish.cpp">
      <Filter>Source Files</Filter>
    </ClCompile>
    <ClCompile Include="gobblerFish.cpp">
      <Filter>Source Files</Filter>
    </ClCompile>
    <ClCompile Include="menu.cpp">
      <Filter>Source Files</Filter>
    </ClCompile>
    <ClCompile Include="hud.cpp">
      <Filter>Source Files</Filter>
    </ClCompile>
  </ItemGroup>
  <ItemGroup>
    <None Include="Ideas.txt">
      <Filter>Resource Files</Filter>
    </None>
    <None Include="Sprites\Player_Spritesheet.bmp">
      <Filter>Resource Files</Filter>
    </None>
    <None Include="Sprites\Backdrop.bmp">
      <Filter>Resource Files</Filter>
    </None>
    <None Include="Sprites\Background.bmp">
      <Filter>Resource Files</Filter>
    </None>
    <None Include="Sprites\Foreground.bmp">
      <Filter>Resource Files</Filter>
    </None>
    <None Include="Sprites\Player_Spritesheet_backup.bmp">
      <Filter>Resource Files</Filter>
    </None>
    <None Include="Fonts\LILLIPUT.TTF">
      <Filter>Resource Files</Filter>
    </None>
    <None Include="Fonts\OUTTT.TTF">
      <Filter>Resource Files</Filter>
    </None>
    <None Include="Sprites\TitleScreen.bmp">
      <Filter>Resource Files</Filter>
    </None>
    <None Include="Sounds\DST-Aethereal.wav">
      <Filter>Resource Files</Filter>
    </None>
    <None Include="fishy-rescue.ico">
      <Filter>Resource Files</Filter>
    </None>
  </ItemGroup>
  <ItemGroup>
    <ClInclude Include="BasicSprite.h">
      <Filter>Header Files</Filter>
    </ClInclude>
    <ClInclude Include="System.h">
      <Filter>Header Files</Filter>
    </ClInclude>
    <ClInclude Include="PhysicsSprite.h">
      <Filter>Header Files</Filter>
    </ClInclude>
    <ClInclude Include="Fish.h">
      <Filter>Header Files</Filter>
    </ClInclude>
    <ClInclude Include="Timer.h">
      <Filter>Header Files</Filter>
    </ClInclude>
    <ClInclude Include="schoolFish.h">
      <Filter>Header Files</Filter>
    </ClInclude>
    <ClInclude Include="School.h">
      <Filter>Header Files</Filter>
    </ClInclude>
    <ClInclude Include="Net.h">
      <Filter>Header Files</Filter>
    </ClInclude>
    <ClInclude Include="Coral.h">
      <Filter>Header Files</Filter>
    </ClInclude>
    <ClInclude Include="Camera.h">
      <Filter>Header Files</Filter>
    </ClInclude>
    <ClInclude Include="Level.h">
      <Filter>Header Files</Filter>
    </ClInclude>
    <ClInclude Include="SceneryFish.h">
      <Filter>Header Files</Filter>
    </ClInclude>
    <ClInclude Include="GobblerFish.h">
      <Filter>Header Files</Filter>
    </ClInclude>
    <ClInclude Include="Menu.h">
      <Filter>Header Files</Filter>
    </ClInclude>
    <ClInclude Include="Hud.h">
      <Filter>Header Files</Filter>
    </ClInclude>
  </ItemGroup>
</Project>